
Microsoft Visual Studio Solution File, Format Version 12.00
# Visual Studio Version 17
VisualStudioVersion = 17.0.32014.148
MinimumVisualStudioVersion = 10.0.40219.1
Project("{FAE04EC0-301F-11D3-BF4B-00C04F79EFBC}") = "MarkovStoriesUpdated", "MarkovStoriesUpdated.csproj", "{22F73494-A36B-4087-9853-31339A8B17D1}"
EndProject
Global
	GlobalSection(SolutionConfigurationPlatforms) = preSolution
		Debug|Any CPU = Debug|Any CPU
		Release|Any CPU = Release|Any CPU
	EndGlobalSection
	GlobalSection(ProjectConfigurationPlatforms) = postSolution
		{22F73494-A36B-4087-9853-31339A8B17D1}.Debug|Any CPU.ActiveCfg = Debug|Any CPU
		{22F73494-A36B-4087-9853-31339A8B17D1}.Debug|Any CPU.Build.0 = Debug|Any CPU
		{22F73494-A36B-4087-9853-31339A8B17D1}.Release|Any CPU.ActiveCfg = Release|Any CPU
		{22F73494-A36B-4087-9853-31339A8B17D1}.Release|Any CPU.Build.0 = Release|Any CPU
	EndGlobalSection
	GlobalSection(SolutionProperties) = preSolution
		HideSolutionNode = FALSE
	EndGlobalSection
	GlobalSection(ExtensibilityGlobals) = postSolution
		SolutionGuid = {57120017-6B10-4CFA-9179-4D03955C9CB9}
	EndGlobalSection
EndGlobal
